{
  "meteor": {
    "git": "https://github.com/meteor/meteor.git",
    "branch": "master",
    "commit": "19e42c4ec883e2de881f4cf633f828b25f3a81ad"
  },
  "dependencies": {
    "basePackages": {
      "marked": {},
      "moment": {}
    },
    "packages": {
      "marked": {
        "git": "https://github.com/chuangbo/meteor-marked.git",
        "tag": "v0.2.5",
        "commit": "46df062565b7153707f8f01cc746af5f7b397cde"
      },
      "moment": {
        "git": "https://github.com/possibilities/meteor-moment.git",
        "tag": "v1.7.0",
        "commit": "c64b6ec0e714b9556f4b6643d430b868ba69d3d7"
      }
    }
  }
}
